{
  "name": "expedia",
  "version": "1.0.0",
  "lockfileVersion": 1,
  "requires": true,
  "dependencies": {
    "chimp": {
      "version": "0.51.1",
      "resolved": "https://registry.npmjs.org/chimp/-/chimp-0.51.1.tgz",
      "integrity": "sha1-6hIbzfJsidV/jvNBlUDPPCeaPMU=",
      "dev": true
    }
  }
}
